
Microsoft Visual Studio Solution File, Format Version 12.00
# Visual Studio 15
VisualStudioVersion = 15.0.27323.2
MinimumVisualStudioVersion = 10.0.40219.1
Project("{D954291E-2A0B-460D-934E-DC6B0785DB48}") = "Core.Lib.Shared", "Core.Lib.Shared.shproj", "{6D59B74D-9191-4022-A996-8AD2327B6119}"
EndProject
Global
	GlobalSection(SharedMSBuildProjectFiles) = preSolution
		Core.Lib.Shared.projitems*{6d59b74d-9191-4022-a996-8ad2327b6119}*SharedItemsImports = 13
	EndGlobalSection
	GlobalSection(SolutionProperties) = preSolution
		HideSolutionNode = FALSE
	EndGlobalSection
	GlobalSection(ExtensibilityGlobals) = postSolution
		SolutionGuid = {2CDA88B5-FC66-47FB-BA37-7CF403014455}
	EndGlobalSection
EndGlobal
